
Microsoft Visual Studio Solution File, Format Version 12.00
# Visual Studio Version 17
VisualStudioVersion = 17.8.34330.188
MinimumVisualStudioVersion = 10.0.40219.1
Project("{FAE04EC0-301F-11D3-BF4B-00C04F79EFBC}") = "CursWork", "CursWork.csproj", "{ECA1349D-D9D3-4134-BBCC-084836ACEAC7}"
EndProject
Global
	GlobalSection(SolutionConfigurationPlatforms) = preSolution
		Debug|Any CPU = Debug|Any CPU
		Release|Any CPU = Release|Any CPU
	EndGlobalSection
	GlobalSection(ProjectConfigurationPlatforms) = postSolution
		{ECA1349D-D9D3-4134-BBCC-084836ACEAC7}.Debug|Any CPU.ActiveCfg = Debug|Any CPU
		{ECA1349D-D9D3-4134-BBCC-084836ACEAC7}.Debug|Any CPU.Build.0 = Debug|Any CPU
		{ECA1349D-D9D3-4134-BBCC-084836ACEAC7}.Release|Any CPU.ActiveCfg = Release|Any CPU
		{ECA1349D-D9D3-4134-BBCC-084836ACEAC7}.Release|Any CPU.Build.0 = Release|Any CPU
	EndGlobalSection
	GlobalSection(SolutionProperties) = preSolution
		HideSolutionNode = FALSE
	EndGlobalSection
	GlobalSection(ExtensibilityGlobals) = postSolution
		SolutionGuid = {2153AF43-D8F8-4829-BD36-695701F1FA43}
	EndGlobalSection
EndGlobal
